
Microsoft Visual Studio Solution File, Format Version 12.00
# Visual Studio Version 17
VisualStudioVersion = 17.10.35013.160
MinimumVisualStudioVersion = 10.0.40219.1
Project("{9A19103F-16F7-4668-BE54-9A1E7A4F7556}") = "LibLogica", "src\libLogica\LibLogica.csproj", "{932B4499-A85A-465C-B10F-D11D55452C4B}"
EndProject
Project("{9A19103F-16F7-4668-BE54-9A1E7A4F7556}") = "TestLibLogica", "tests\TestLibLogica\TestLibLogica.csproj", "{CEC1E574-AF8A-45AB-910D-0BA46F48DDAE}"
EndProject
Project("{9A19103F-16F7-4668-BE54-9A1E7A4F7556}") = "TestBed", "src\TestBed\TestBed.csproj", "{22C83245-F81B-404D-A8AF-A282463FBCBA}"
EndProject
Global
	GlobalSection(SolutionConfigurationPlatforms) = preSolution
		Debug|Any CPU = Debug|Any CPU
		Debug|x64 = Debug|x64
		Release|Any CPU = Release|Any CPU
		Release|x64 = Release|x64
	EndGlobalSection
	GlobalSection(ProjectConfigurationPlatforms) = postSolution
		{932B4499-A85A-465C-B10F-D11D55452C4B}.Debug|Any CPU.ActiveCfg = Debug|Any CPU
		{932B4499-A85A-465C-B10F-D11D55452C4B}.Debug|Any CPU.Build.0 = Debug|Any CPU
		{932B4499-A85A-465C-B10F-D11D55452C4B}.Debug|x64.ActiveCfg = Debug|Any CPU
		{932B4499-A85A-465C-B10F-D11D55452C4B}.Debug|x64.Build.0 = Debug|Any CPU
		{932B4499-A85A-465C-B10F-D11D55452C4B}.Release|Any CPU.ActiveCfg = Release|Any CPU
		{932B4499-A85A-465C-B10F-D11D55452C4B}.Release|Any CPU.Build.0 = Release|Any CPU
		{932B4499-A85A-465C-B10F-D11D55452C4B}.Release|x64.ActiveCfg = Release|Any CPU
		{932B4499-A85A-465C-B10F-D11D55452C4B}.Release|x64.Build.0 = Release|Any CPU
		{CEC1E574-AF8A-45AB-910D-0BA46F48DDAE}.Debug|Any CPU.ActiveCfg = Debug|Any CPU
		{CEC1E574-AF8A-45AB-910D-0BA46F48DDAE}.Debug|Any CPU.Build.0 = Debug|Any CPU
		{CEC1E574-AF8A-45AB-910D-0BA46F48DDAE}.Debug|x64.ActiveCfg = Debug|Any CPU
		{CEC1E574-AF8A-45AB-910D-0BA46F48DDAE}.Debug|x64.Build.0 = Debug|Any CPU
		{CEC1E574-AF8A-45AB-910D-0BA46F48DDAE}.Release|Any CPU.ActiveCfg = Release|Any CPU
		{CEC1E574-AF8A-45AB-910D-0BA46F48DDAE}.Release|Any CPU.Build.0 = Release|Any CPU
		{CEC1E574-AF8A-45AB-910D-0BA46F48DDAE}.Release|x64.ActiveCfg = Release|Any CPU
		{CEC1E574-AF8A-45AB-910D-0BA46F48DDAE}.Release|x64.Build.0 = Release|Any CPU
		{22C83245-F81B-404D-A8AF-A282463FBCBA}.Debug|Any CPU.ActiveCfg = Debug|Any CPU
		{22C83245-F81B-404D-A8AF-A282463FBCBA}.Debug|x64.ActiveCfg = Debug|Any CPU
		{22C83245-F81B-404D-A8AF-A282463FBCBA}.Release|Any CPU.ActiveCfg = Release|Any CPU
		{22C83245-F81B-404D-A8AF-A282463FBCBA}.Release|x64.ActiveCfg = Release|Any CPU
		{22C83245-F81B-404D-A8AF-A282463FBCBA}.Release|x64.Build.0 = Release|Any CPU
	EndGlobalSection
	GlobalSection(SolutionProperties) = preSolution
		HideSolutionNode = FALSE
	EndGlobalSection
	GlobalSection(ExtensibilityGlobals) = postSolution
		SolutionGuid = {BE82F16A-E478-4976-9548-73E4897FA046}
	EndGlobalSection
EndGlobal
